
Microsoft Visual Studio Solution File, Format Version 12.00
# Visual Studio Version 16
VisualStudioVersion = 16.0.30104.148
MinimumVisualStudioVersion = 10.0.40219.1
Project("{9A19103F-16F7-4668-BE54-9A1E7A4F7556}") = "FMS.API", "FMS-API\FMS.API.csproj", "{67EEBCCE-ACDD-435B-926B-1A2620D248C5}"
EndProject
Project("{9A19103F-16F7-4668-BE54-9A1E7A4F7556}") = "FMS.Models", "FMS.Models\FMS.Models.csproj", "{5F045FB7-6A52-48A2-9D2B-F898A4B73BC3}"
EndProject
Project("{FAE04EC0-301F-11D3-BF4B-00C04F79EFBC}") = "FMS.Infrastructure", "FMS.Infrastructure\FMS.Infrastructure.csproj", "{11804CD6-8828-4B2B-9E37-84783942E53A}"
EndProject
Global
	GlobalSection(SolutionConfigurationPlatforms) = preSolution
		Debug|Any CPU = Debug|Any CPU
		Release|Any CPU = Release|Any CPU
	EndGlobalSection
	GlobalSection(ProjectConfigurationPlatforms) = postSolution
		{67EEBCCE-ACDD-435B-926B-1A2620D248C5}.Debug|Any CPU.ActiveCfg = Debug|Any CPU
		{67EEBCCE-ACDD-435B-926B-1A2620D248C5}.Debug|Any CPU.Build.0 = Debug|Any CPU
		{67EEBCCE-ACDD-435B-926B-1A2620D248C5}.Release|Any CPU.ActiveCfg = Release|Any CPU
		{67EEBCCE-ACDD-435B-926B-1A2620D248C5}.Release|Any CPU.Build.0 = Release|Any CPU
		{5F045FB7-6A52-48A2-9D2B-F898A4B73BC3}.Debug|Any CPU.ActiveCfg = Debug|Any CPU
		{5F045FB7-6A52-48A2-9D2B-F898A4B73BC3}.Debug|Any CPU.Build.0 = Debug|Any CPU
		{5F045FB7-6A52-48A2-9D2B-F898A4B73BC3}.Release|Any CPU.ActiveCfg = Release|Any CPU
		{5F045FB7-6A52-48A2-9D2B-F898A4B73BC3}.Release|Any CPU.Build.0 = Release|Any CPU
		{11804CD6-8828-4B2B-9E37-84783942E53A}.Debug|Any CPU.ActiveCfg = Debug|Any CPU
		{11804CD6-8828-4B2B-9E37-84783942E53A}.Debug|Any CPU.Build.0 = Debug|Any CPU
		{11804CD6-8828-4B2B-9E37-84783942E53A}.Release|Any CPU.ActiveCfg = Release|Any CPU
		{11804CD6-8828-4B2B-9E37-84783942E53A}.Release|Any CPU.Build.0 = Release|Any CPU
	EndGlobalSection
	GlobalSection(SolutionProperties) = preSolution
		HideSolutionNode = FALSE
	EndGlobalSection
	GlobalSection(ExtensibilityGlobals) = postSolution
		SolutionGuid = {1E772DD6-32FE-4515-9813-3EDB398508F9}
	EndGlobalSection
EndGlobal
