
Microsoft Visual Studio Solution File, Format Version 12.00
# Visual Studio Version 17
VisualStudioVersion = 17.10.35027.167
MinimumVisualStudioVersion = 10.0.40219.1
Project("{9A19103F-16F7-4668-BE54-9A1E7A4F7556}") = "FMS", "FMS\FMS.csproj", "{67EEBCCE-ACDD-435B-926B-1A2620D248C5}"
	ProjectSection(ProjectDependencies) = postProject
		{5F045FB7-6A52-48A2-9D2B-F898A4B73BC3} = {5F045FB7-6A52-48A2-9D2B-F898A4B73BC3}
	EndProjectSection
EndProject
Project("{9A19103F-16F7-4668-BE54-9A1E7A4F7556}") = "FMS.Domain", "FMS.Domain\FMS.Domain.csproj", "{5F045FB7-6A52-48A2-9D2B-F898A4B73BC3}"
EndProject
Project("{9A19103F-16F7-4668-BE54-9A1E7A4F7556}") = "FMS.Infrastructure", "FMS.Infrastructure\FMS.Infrastructure.csproj", "{11804CD6-8828-4B2B-9E37-84783942E53A}"
EndProject
Project("{2150E333-8FDC-42A3-9474-1A3956D46DE8}") = "tests", "tests", "{B456828C-98AB-467C-86AC-882FD61691E5}"
EndProject
Project("{9A19103F-16F7-4668-BE54-9A1E7A4F7556}") = "FMS.App.Tests", "tests\FMS.App.Tests\FMS.App.Tests.csproj", "{F32C87EE-4FD0-4A13-87B3-50D7A90B959A}"
EndProject
Project("{9A19103F-16F7-4668-BE54-9A1E7A4F7556}") = "FMS.Domain.Tests", "tests\FMS.Domain.Tests\FMS.Domain.Tests.csproj", "{EAF76D32-9E34-4B5B-A16B-79DCA21A701E}"
EndProject
Project("{9A19103F-16F7-4668-BE54-9A1E7A4F7556}") = "FMS.Infrastructure.Tests", "tests\FMS.Infrastructure.Tests\FMS.Infrastructure.Tests.csproj", "{700C1091-2F42-43FA-9342-EA56C520C6A4}"
EndProject
Project("{9A19103F-16F7-4668-BE54-9A1E7A4F7556}") = "TestHelpers", "tests\TestHelpers\TestHelpers.csproj", "{3F455AB9-E598-4AE5-A326-DA840B532E33}"
EndProject
Project("{2150E333-8FDC-42A3-9474-1A3956D46DE8}") = "docs", "docs", "{58D1F541-EE0C-432F-A090-27FB31E4463B}"
	ProjectSection(SolutionItems) = preProject
		docs\ER-diagram.md = docs\ER-diagram.md
		docs\FMS-UI-routing.md = docs\FMS-UI-routing.md
		docs\User-accounts.md = docs\User-accounts.md
	EndProjectSection
EndProject
Global
	GlobalSection(SolutionConfigurationPlatforms) = preSolution
		Debug|Any CPU = Debug|Any CPU
		Release|Any CPU = Release|Any CPU
	EndGlobalSection
	GlobalSection(ProjectConfigurationPlatforms) = postSolution
		{67EEBCCE-ACDD-435B-926B-1A2620D248C5}.Debug|Any CPU.ActiveCfg = Debug|Any CPU
		{67EEBCCE-ACDD-435B-926B-1A2620D248C5}.Debug|Any CPU.Build.0 = Debug|Any CPU
		{67EEBCCE-ACDD-435B-926B-1A2620D248C5}.Release|Any CPU.ActiveCfg = Release|Any CPU
		{67EEBCCE-ACDD-435B-926B-1A2620D248C5}.Release|Any CPU.Build.0 = Release|Any CPU
		{5F045FB7-6A52-48A2-9D2B-F898A4B73BC3}.Debug|Any CPU.ActiveCfg = Debug|Any CPU
		{5F045FB7-6A52-48A2-9D2B-F898A4B73BC3}.Debug|Any CPU.Build.0 = Debug|Any CPU
		{5F045FB7-6A52-48A2-9D2B-F898A4B73BC3}.Release|Any CPU.ActiveCfg = Release|Any CPU
		{5F045FB7-6A52-48A2-9D2B-F898A4B73BC3}.Release|Any CPU.Build.0 = Release|Any CPU
		{11804CD6-8828-4B2B-9E37-84783942E53A}.Debug|Any CPU.ActiveCfg = Debug|Any CPU
		{11804CD6-8828-4B2B-9E37-84783942E53A}.Debug|Any CPU.Build.0 = Debug|Any CPU
		{11804CD6-8828-4B2B-9E37-84783942E53A}.Release|Any CPU.ActiveCfg = Release|Any CPU
		{11804CD6-8828-4B2B-9E37-84783942E53A}.Release|Any CPU.Build.0 = Release|Any CPU
		{F32C87EE-4FD0-4A13-87B3-50D7A90B959A}.Debug|Any CPU.ActiveCfg = Debug|Any CPU
		{F32C87EE-4FD0-4A13-87B3-50D7A90B959A}.Debug|Any CPU.Build.0 = Debug|Any CPU
		{F32C87EE-4FD0-4A13-87B3-50D7A90B959A}.Release|Any CPU.ActiveCfg = Release|Any CPU
		{F32C87EE-4FD0-4A13-87B3-50D7A90B959A}.Release|Any CPU.Build.0 = Release|Any CPU
		{EAF76D32-9E34-4B5B-A16B-79DCA21A701E}.Debug|Any CPU.ActiveCfg = Debug|Any CPU
		{EAF76D32-9E34-4B5B-A16B-79DCA21A701E}.Debug|Any CPU.Build.0 = Debug|Any CPU
		{EAF76D32-9E34-4B5B-A16B-79DCA21A701E}.Release|Any CPU.ActiveCfg = Release|Any CPU
		{EAF76D32-9E34-4B5B-A16B-79DCA21A701E}.Release|Any CPU.Build.0 = Release|Any CPU
		{700C1091-2F42-43FA-9342-EA56C520C6A4}.Debug|Any CPU.ActiveCfg = Debug|Any CPU
		{700C1091-2F42-43FA-9342-EA56C520C6A4}.Debug|Any CPU.Build.0 = Debug|Any CPU
		{700C1091-2F42-43FA-9342-EA56C520C6A4}.Release|Any CPU.ActiveCfg = Release|Any CPU
		{700C1091-2F42-43FA-9342-EA56C520C6A4}.Release|Any CPU.Build.0 = Release|Any CPU
		{3F455AB9-E598-4AE5-A326-DA840B532E33}.Debug|Any CPU.ActiveCfg = Debug|Any CPU
		{3F455AB9-E598-4AE5-A326-DA840B532E33}.Debug|Any CPU.Build.0 = Debug|Any CPU
		{3F455AB9-E598-4AE5-A326-DA840B532E33}.Release|Any CPU.ActiveCfg = Release|Any CPU
		{3F455AB9-E598-4AE5-A326-DA840B532E33}.Release|Any CPU.Build.0 = Release|Any CPU
	EndGlobalSection
	GlobalSection(SolutionProperties) = preSolution
		HideSolutionNode = FALSE
	EndGlobalSection
	GlobalSection(NestedProjects) = preSolution
		{F32C87EE-4FD0-4A13-87B3-50D7A90B959A} = {B456828C-98AB-467C-86AC-882FD61691E5}
		{EAF76D32-9E34-4B5B-A16B-79DCA21A701E} = {B456828C-98AB-467C-86AC-882FD61691E5}
		{700C1091-2F42-43FA-9342-EA56C520C6A4} = {B456828C-98AB-467C-86AC-882FD61691E5}
		{3F455AB9-E598-4AE5-A326-DA840B532E33} = {B456828C-98AB-467C-86AC-882FD61691E5}
	EndGlobalSection
	GlobalSection(ExtensibilityGlobals) = postSolution
		SolutionGuid = {1E772DD6-32FE-4515-9813-3EDB398508F9}
	EndGlobalSection
EndGlobal
